
Microsoft Visual Studio Solution File, Format Version 12.00
# Visual Studio Version 17
VisualStudioVersion = 17.6.33505.110
MinimumVisualStudioVersion = 10.0.40219.1
Project("{FAE04EC0-301F-11D3-BF4B-00C04F79EFBC}") = "wpf-three-dogs-distillery", "wpf-three-dogs-distillery.csproj", "{7FF8B2BC-3AB0-4C1C-83A4-FAFA4BAD63A8}"
EndProject
Global
	GlobalSection(SolutionConfigurationPlatforms) = preSolution
		Debug|Any CPU = Debug|Any CPU
		Release|Any CPU = Release|Any CPU
	EndGlobalSection
	GlobalSection(ProjectConfigurationPlatforms) = postSolution
		{7FF8B2BC-3AB0-4C1C-83A4-FAFA4BAD63A8}.Debug|Any CPU.ActiveCfg = Debug|Any CPU
		{7FF8B2BC-3AB0-4C1C-83A4-FAFA4BAD63A8}.Debug|Any CPU.Build.0 = Debug|Any CPU
		{7FF8B2BC-3AB0-4C1C-83A4-FAFA4BAD63A8}.Release|Any CPU.ActiveCfg = Release|Any CPU
		{7FF8B2BC-3AB0-4C1C-83A4-FAFA4BAD63A8}.Release|Any CPU.Build.0 = Release|Any CPU
	EndGlobalSection
	GlobalSection(SolutionProperties) = preSolution
		HideSolutionNode = FALSE
	EndGlobalSection
	GlobalSection(ExtensibilityGlobals) = postSolution
		SolutionGuid = {0DEDFEEB-2D68-4CBB-AE10-BCFF434AB419}
	EndGlobalSection
EndGlobal
