
Microsoft Visual Studio Solution File, Format Version 12.00
# Visual Studio Version 17
VisualStudioVersion = 17.6.33505.110
MinimumVisualStudioVersion = 10.0.40219.1
Project("{FAE04EC0-301F-11D3-BF4B-00C04F79EFBC}") = "three-dogs-distillery-API", "three-dogs-distillery-API.csproj", "{69800C04-5520-456E-BBF7-9500631FFB79}"
EndProject
Global
	GlobalSection(SolutionConfigurationPlatforms) = preSolution
		Debug|Any CPU = Debug|Any CPU
		Release|Any CPU = Release|Any CPU
	EndGlobalSection
	GlobalSection(ProjectConfigurationPlatforms) = postSolution
		{69800C04-5520-456E-BBF7-9500631FFB79}.Debug|Any CPU.ActiveCfg = Debug|Any CPU
		{69800C04-5520-456E-BBF7-9500631FFB79}.Debug|Any CPU.Build.0 = Debug|Any CPU
		{69800C04-5520-456E-BBF7-9500631FFB79}.Release|Any CPU.ActiveCfg = Release|Any CPU
		{69800C04-5520-456E-BBF7-9500631FFB79}.Release|Any CPU.Build.0 = Release|Any CPU
	EndGlobalSection
	GlobalSection(SolutionProperties) = preSolution
		HideSolutionNode = FALSE
	EndGlobalSection
	GlobalSection(ExtensibilityGlobals) = postSolution
		SolutionGuid = {ED883E6D-4DE0-427E-853F-591313F900D5}
	EndGlobalSection
EndGlobal
